github.com/dstotijn/go-notion v0.4.0 h1:SSknwfflgTvi+J3usf5CLT/KMu6MjEhCfO9xUDqm6OI=
github.com/dstotijn/go-notion v0.4.0/go.mod h1:oxd+T9Wxduj5ZN7MRiHWtyGhGZLUFsUpZHMLS4uI1Qc=
github.com/google/go-cmp v0.5.5/go.mod h1:v8dTdLbMG2kIc/vJvl+f65V22dbkXbowE6jgT/gNBxE=
github.com/joho/godotenv v1.3.0 h1:Zjp+RcGpHhGlrMbJzXTrZZPrWj+1vfm90La1wgB6Bhc=
github.com/joho/godotenv v1.3.0/go.mod h1:7hK45KPybAkOC6peb+G5yklZfMxEjkZhHbwpqxOKXbg=
golang.org/x/xerrors v0.0.0-20191204190536-9bdfabe68543/go.mod h1:I/5z698sn9Ka8TeJc9MKroUUfqBBauWjQqLJ2OPfmY0=
